// !$*UTF8*$!
{
	archiveVersion = 1;
	classes = {
	};
	objectVersion = 50;
	objects = {

/* Begin PBXBuildFile section */
		721B688E2370D5C1006230C6 /* josefin-sans in Resources */ = {isa = PBXBuildFile; fileRef = 721B688D2370D5C1006230C6 /* josefin-sans */; };
		721B68942370D855006230C6 /* JosefinSans-Light.ttf in Resources */ = {isa = PBXBuildFile; fileRef = 721B68932370D855006230C6 /* JosefinSans-Light.ttf */; };
		72B114D8236FC6E1000F7EFD /* AppDelegate.swift in Sources */ = {isa = PBXBuildFile; fileRef = 72B114D7236FC6E1000F7EFD /* AppDelegate.swift */; };
		72B114DA236FC6E1000F7EFD /* LoginViewController.swift in Sources */ = {isa = PBXBuildFile; fileRef = 72B114D9236FC6E1000F7EFD /* LoginViewController.swift */; };
		72B114DD236FC6E1000F7EFD /* Main.storyboard in Resources */ = {isa = PBXBuildFile; fileRef = 72B114DB236FC6E1000F7EFD /* Main.storyboard */; };
		72B114E2236FC6E3000F7EFD /* LaunchScreen.storyboard in Resources */ = {isa = PBXBuildFile; fileRef = 72B114E0236FC6E3000F7EFD /* LaunchScreen.storyboard */; };
		72B114EA23708C8C000F7EFD /* MapViewController.swift in Sources */ = {isa = PBXBuildFile; fileRef = 72B114E923708C8C000F7EFD /* MapViewController.swift */; };
		72B114EC23708D31000F7EFD /* FolderViewController.swift in Sources */ = {isa = PBXBuildFile; fileRef = 72B114EB23708D31000F7EFD /* FolderViewController.swift */; };
		72B114EE23708D84000F7EFD /* FriendsViewController.swift in Sources */ = {isa = PBXBuildFile; fileRef = 72B114ED23708D84000F7EFD /* FriendsViewController.swift */; };
		72B114F023708FE0000F7EFD /* EditableFolderView.swift in Sources */ = {isa = PBXBuildFile; fileRef = 72B114EF23708FE0000F7EFD /* EditableFolderView.swift */; };
		72B114F223709023000F7EFD /* FriendFolderView.swift in Sources */ = {isa = PBXBuildFile; fileRef = 72B114F123709023000F7EFD /* FriendFolderView.swift */; };
		72EB6B162377312300911F02 /* mappi.db in Resources */ = {isa = PBXBuildFile; fileRef = 72EB6B152377312300911F02 /* mappi.db */; };
		72EB6B2323773AF100911F02 /* FMDatabase.m in Sources */ = {isa = PBXBuildFile; fileRef = 72EB6B1923773AF000911F02 /* FMDatabase.m */; };
		72EB6B2423773AF100911F02 /* FMDatabasePool.m in Sources */ = {isa = PBXBuildFile; fileRef = 72EB6B1A23773AF000911F02 /* FMDatabasePool.m */; };
		72EB6B2523773AF100911F02 /* FMDatabaseAdditions.m in Sources */ = {isa = PBXBuildFile; fileRef = 72EB6B1B23773AF000911F02 /* FMDatabaseAdditions.m */; };
		72EB6B2623773AF100911F02 /* FMResultSet.m in Sources */ = {isa = PBXBuildFile; fileRef = 72EB6B2023773AF100911F02 /* FMResultSet.m */; };
		72EB6B2723773AF100911F02 /* FMDatabaseQueue.m in Sources */ = {isa = PBXBuildFile; fileRef = 72EB6B2223773AF100911F02 /* FMDatabaseQueue.m */; };
		72EB6B2A23773B2A00911F02 /* libsqlite3.tbd in Frameworks */ = {isa = PBXBuildFile; fileRef = 72EB6B2923773B2A00911F02 /* libsqlite3.tbd */; };
		72EB6B2C2377AEEE00911F02 /* RegisterViewController.swift in Sources */ = {isa = PBXBuildFile; fileRef = 72EB6B2B2377AEEE00911F02 /* RegisterViewController.swift */; };
		72F391BC2371F70D00AE575D /* Media.xcassets in Resources */ = {isa = PBXBuildFile; fileRef = 72F391BB2371F70D00AE575D /* Media.xcassets */; };
		8C44A36A23738AD8001A4AB0 /* SearchResultsTable.swift in Sources */ = {isa = PBXBuildFile; fileRef = 8C44A36923738AD8001A4AB0 /* SearchResultsTable.swift */; };
/* End PBXBuildFile section */

/* Begin PBXFileReference section */
		721B688D2370D5C1006230C6 /* josefin-sans */ = {isa = PBXFileReference; lastKnownFileType = folder; path = "josefin-sans"; sourceTree = "<group>"; };
		721B68932370D855006230C6 /* JosefinSans-Light.ttf */ = {isa = PBXFileReference; lastKnownFileType = file; name = "JosefinSans-Light.ttf"; path = "josefin-sans/JosefinSans-Light.ttf"; sourceTree = SOURCE_ROOT; };
		72B114D4236FC6E1000F7EFD /* Mappi.app */ = {isa = PBXFileReference; explicitFileType = wrapper.application; includeInIndex = 0; path = Mappi.app; sourceTree = BUILT_PRODUCTS_DIR; };
		72B114D7236FC6E1000F7EFD /* AppDelegate.swift */ = {isa = PBXFileReference; lastKnownFileType = sourcecode.swift; path = AppDelegate.swift; sourceTree = "<group>"; };
		72B114D9236FC6E1000F7EFD /* LoginViewController.swift */ = {isa = PBXFileReference; lastKnownFileType = sourcecode.swift; path = LoginViewController.swift; sourceTree = "<group>"; };
		72B114DC236FC6E1000F7EFD /* Base */ = {isa = PBXFileReference; lastKnownFileType = file.storyboard; name = Base; path = Base.lproj/Main.storyboard; sourceTree = "<group>"; };
		72B114E1236FC6E3000F7EFD /* Base */ = {isa = PBXFileReference; lastKnownFileType = file.storyboard; name = Base; path = Base.lproj/LaunchScreen.storyboard; sourceTree = "<group>"; };
		72B114E3236FC6E3000F7EFD /* Info.plist */ = {isa = PBXFileReference; lastKnownFileType = text.plist.xml; path = Info.plist; sourceTree = "<group>"; };
		72B114E923708C8C000F7EFD /* MapViewController.swift */ = {isa = PBXFileReference; lastKnownFileType = sourcecode.swift; path = MapViewController.swift; sourceTree = "<group>"; };
		72B114EB23708D31000F7EFD /* FolderViewController.swift */ = {isa = PBXFileReference; lastKnownFileType = sourcecode.swift; path = FolderViewController.swift; sourceTree = "<group>"; };
		72B114ED23708D84000F7EFD /* FriendsViewController.swift */ = {isa = PBXFileReference; lastKnownFileType = sourcecode.swift; path = FriendsViewController.swift; sourceTree = "<group>"; };
		72B114EF23708FE0000F7EFD /* EditableFolderView.swift */ = {isa = PBXFileReference; lastKnownFileType = sourcecode.swift; path = EditableFolderView.swift; sourceTree = "<group>"; };
		72B114F123709023000F7EFD /* FriendFolderView.swift */ = {isa = PBXFileReference; lastKnownFileType = sourcecode.swift; path = FriendFolderView.swift; sourceTree = "<group>"; };
		72EB6B152377312300911F02 /* mappi.db */ = {isa = PBXFileReference; lastKnownFileType = file; path = mappi.db; sourceTree = "<group>"; };
		72EB6B1723773AEF00911F02 /* Mappi-Bridging-Header.h */ = {isa = PBXFileReference; lastKnownFileType = sourcecode.c.h; path = "Mappi-Bridging-Header.h"; sourceTree = "<group>"; };
		72EB6B1823773AF000911F02 /* FMDatabase.h */ = {isa = PBXFileReference; fileEncoding = 4; lastKnownFileType = sourcecode.c.h; path = FMDatabase.h; sourceTree = "<group>"; };
		72EB6B1923773AF000911F02 /* FMDatabase.m */ = {isa = PBXFileReference; fileEncoding = 4; lastKnownFileType = sourcecode.c.objc; path = FMDatabase.m; sourceTree = "<group>"; };
		72EB6B1A23773AF000911F02 /* FMDatabasePool.m */ = {isa = PBXFileReference; fileEncoding = 4; lastKnownFileType = sourcecode.c.objc; path = FMDatabasePool.m; sourceTree = "<group>"; };
		72EB6B1B23773AF000911F02 /* FMDatabaseAdditions.m */ = {isa = PBXFileReference; fileEncoding = 4; lastKnownFileType = sourcecode.c.objc; path = FMDatabaseAdditions.m; sourceTree = "<group>"; };
		72EB6B1C23773AF000911F02 /* FMDatabaseAdditions.h */ = {isa = PBXFileReference; fileEncoding = 4; lastKnownFileType = sourcecode.c.h; path = FMDatabaseAdditions.h; sourceTree = "<group>"; };
		72EB6B1D23773AF000911F02 /* FMDatabaseQueue.h */ = {isa = PBXFileReference; fileEncoding = 4; lastKnownFileType = sourcecode.c.h; path = FMDatabaseQueue.h; sourceTree = "<group>"; };
		72EB6B1E23773AF000911F02 /* FMDatabasePool.h */ = {isa = PBXFileReference; fileEncoding = 4; lastKnownFileType = sourcecode.c.h; path = FMDatabasePool.h; sourceTree = "<group>"; };
		72EB6B1F23773AF100911F02 /* FMResultSet.h */ = {isa = PBXFileReference; fileEncoding = 4; lastKnownFileType = sourcecode.c.h; path = FMResultSet.h; sourceTree = "<group>"; };
		72EB6B2023773AF100911F02 /* FMResultSet.m */ = {isa = PBXFileReference; fileEncoding = 4; lastKnownFileType = sourcecode.c.objc; path = FMResultSet.m; sourceTree = "<group>"; };
		72EB6B2123773AF100911F02 /* FMDB.h */ = {isa = PBXFileReference; fileEncoding = 4; lastKnownFileType = sourcecode.c.h; path = FMDB.h; sourceTree = "<group>"; };
		72EB6B2223773AF100911F02 /* FMDatabaseQueue.m */ = {isa = PBXFileReference; fileEncoding = 4; lastKnownFileType = sourcecode.c.objc; path = FMDatabaseQueue.m; sourceTree = "<group>"; };
		72EB6B2923773B2A00911F02 /* libsqlite3.tbd */ = {isa = PBXFileReference; lastKnownFileType = "sourcecode.text-based-dylib-definition"; name = libsqlite3.tbd; path = usr/lib/libsqlite3.tbd; sourceTree = SDKROOT; };
		72EB6B2B2377AEEE00911F02 /* RegisterViewController.swift */ = {isa = PBXFileReference; lastKnownFileType = sourcecode.swift; path = RegisterViewController.swift; sourceTree = "<group>"; };
		72F391BB2371F70D00AE575D /* Media.xcassets */ = {isa = PBXFileReference; lastKnownFileType = folder.assetcatalog; path = Media.xcassets; sourceTree = "<group>"; };
		8C44A36923738AD8001A4AB0 /* SearchResultsTable.swift */ = {isa = PBXFileReference; lastKnownFileType = sourcecode.swift; path = SearchResultsTable.swift; sourceTree = "<group>"; };
/* End PBXFileReference section */

/* Begin PBXFrameworksBuildPhase section */
		72B114D1236FC6E1000F7EFD /* Frameworks */ = {
			isa = PBXFrameworksBuildPhase;
			buildActionMask = 2147483647;
			files = (
				72EB6B2A23773B2A00911F02 /* libsqlite3.tbd in Frameworks */,
			);
			runOnlyForDeploymentPostprocessing = 0;
		};
/* End PBXFrameworksBuildPhase section */

/* Begin PBXGroup section */
		721B68922370D827006230C6 /* Fonts */ = {
			isa = PBXGroup;
			children = (
				721B68932370D855006230C6 /* JosefinSans-Light.ttf */,
			);
			path = Fonts;
			sourceTree = "<group>";
		};
		72B114CB236FC6E1000F7EFD = {
			isa = PBXGroup;
			children = (
				72B114D6236FC6E1000F7EFD /* Mappi */,
				72B114D5236FC6E1000F7EFD /* Products */,
				72EB6B152377312300911F02 /* mappi.db */,
				72EB6B1823773AF000911F02 /* FMDatabase.h */,
				72EB6B1923773AF000911F02 /* FMDatabase.m */,
				72EB6B1C23773AF000911F02 /* FMDatabaseAdditions.h */,
				72EB6B1B23773AF000911F02 /* FMDatabaseAdditions.m */,
				72EB6B1E23773AF000911F02 /* FMDatabasePool.h */,
				72EB6B1A23773AF000911F02 /* FMDatabasePool.m */,
				72EB6B1D23773AF000911F02 /* FMDatabaseQueue.h */,
				72EB6B2223773AF100911F02 /* FMDatabaseQueue.m */,
				72EB6B2123773AF100911F02 /* FMDB.h */,
				72EB6B1F23773AF100911F02 /* FMResultSet.h */,
				72EB6B2023773AF100911F02 /* FMResultSet.m */,
				721B688D2370D5C1006230C6 /* josefin-sans */,
				72EB6B1723773AEF00911F02 /* Mappi-Bridging-Header.h */,
				72EB6B2823773B2A00911F02 /* Frameworks */,
			);
			sourceTree = "<group>";
		};
		72B114D5236FC6E1000F7EFD /* Products */ = {
			isa = PBXGroup;
			children = (
				72B114D4236FC6E1000F7EFD /* Mappi.app */,
			);
			name = Products;
			sourceTree = "<group>";
		};
		72B114D6236FC6E1000F7EFD /* Mappi */ = {
			isa = PBXGroup;
			children = (
				721B68922370D827006230C6 /* Fonts */,
				72B114D7236FC6E1000F7EFD /* AppDelegate.swift */,
				72EB6B2B2377AEEE00911F02 /* RegisterViewController.swift */,
				72B114D9236FC6E1000F7EFD /* LoginViewController.swift */,
				72B114EB23708D31000F7EFD /* FolderViewController.swift */,
				72B114EF23708FE0000F7EFD /* EditableFolderView.swift */,
				72B114F123709023000F7EFD /* FriendFolderView.swift */,
				72B114ED23708D84000F7EFD /* FriendsViewController.swift */,
				72B114E923708C8C000F7EFD /* MapViewController.swift */,
				72B114DB236FC6E1000F7EFD /* Main.storyboard */,
				8C44A36923738AD8001A4AB0 /* SearchResultsTable.swift */,
				72B114E0236FC6E3000F7EFD /* LaunchScreen.storyboard */,
				72B114E3236FC6E3000F7EFD /* Info.plist */,
				72F391BB2371F70D00AE575D /* Media.xcassets */,
			);
			path = Mappi;
			sourceTree = "<group>";
		};
		72EB6B2823773B2A00911F02 /* Frameworks */ = {
			isa = PBXGroup;
			children = (
				72EB6B2923773B2A00911F02 /* libsqlite3.tbd */,
			);
			name = Frameworks;
			sourceTree = "<group>";
		};
/* End PBXGroup section */

/* Begin PBXNativeTarget section */
		72B114D3236FC6E1000F7EFD /* Mappi */ = {
			isa = PBXNativeTarget;
			buildConfigurationList = 72B114E6236FC6E3000F7EFD /* Build configuration list for PBXNativeTarget "Mappi" */;
			buildPhases = (
				72B114D0236FC6E1000F7EFD /* Sources */,
				72B114D1236FC6E1000F7EFD /* Frameworks */,
				72B114D2236FC6E1000F7EFD /* Resources */,
			);
			buildRules = (
			);
			dependencies = (
			);
			name = Mappi;
			productName = Mappi;
			productReference = 72B114D4236FC6E1000F7EFD /* Mappi.app */;
			productType = "com.apple.product-type.application";
		};
/* End PBXNativeTarget section */

/* Begin PBXProject section */
		72B114CC236FC6E1000F7EFD /* Project object */ = {
			isa = PBXProject;
			attributes = {
				LastSwiftUpdateCheck = 1020;
				LastUpgradeCheck = 1020;
				ORGANIZATIONNAME = cse438;
				TargetAttributes = {
					72B114D3236FC6E1000F7EFD = {
						CreatedOnToolsVersion = 10.2.1;
						LastSwiftMigration = 1020;
					};
				};
			};
			buildConfigurationList = 72B114CF236FC6E1000F7EFD /* Build configuration list for PBXProject "Mappi" */;
			compatibilityVersion = "Xcode 9.3";
			developmentRegion = en;
			hasScannedForEncodings = 0;
			knownRegions = (
				en,
				Base,
			);
			mainGroup = 72B114CB236FC6E1000F7EFD;
			productRefGroup = 72B114D5236FC6E1000F7EFD /* Products */;
			projectDirPath = "";
			projectRoot = "";
			targets = (
				72B114D3236FC6E1000F7EFD /* Mappi */,
			);
		};
/* End PBXProject section */

/* Begin PBXResourcesBuildPhase section */
		72B114D2236FC6E1000F7EFD /* Resources */ = {
			isa = PBXResourcesBuildPhase;
			buildActionMask = 2147483647;
			files = (
				72EB6B162377312300911F02 /* mappi.db in Resources */,
				721B688E2370D5C1006230C6 /* josefin-sans in Resources */,
				72B114E2236FC6E3000F7EFD /* LaunchScreen.storyboard in Resources */,
				721B68942370D855006230C6 /* JosefinSans-Light.ttf in Resources */,
				72F391BC2371F70D00AE575D /* Media.xcassets in Resources */,
				72B114DD236FC6E1000F7EFD /* Main.storyboard in Resources */,
			);
			runOnlyForDeploymentPostprocessing = 0;
		};
/* End PBXResourcesBuildPhase section */

/* Begin PBXSourcesBuildPhase section */
		72B114D0236FC6E1000F7EFD /* Sources */ = {
			isa = PBXSourcesBuildPhase;
			buildActionMask = 2147483647;
			files = (
				72B114EC23708D31000F7EFD /* FolderViewController.swift in Sources */,
				72B114EE23708D84000F7EFD /* FriendsViewController.swift in Sources */,
				72B114F223709023000F7EFD /* FriendFolderView.swift in Sources */,
				8C44A36A23738AD8001A4AB0 /* SearchResultsTable.swift in Sources */,
				72B114F023708FE0000F7EFD /* EditableFolderView.swift in Sources */,
				72EB6B2423773AF100911F02 /* FMDatabasePool.m in Sources */,
				72EB6B2723773AF100911F02 /* FMDatabaseQueue.m in Sources */,
				72B114DA236FC6E1000F7EFD /* LoginViewController.swift in Sources */,
				72B114EA23708C8C000F7EFD /* MapViewController.swift in Sources */,
				72EB6B2C2377AEEE00911F02 /* RegisterViewController.swift in Sources */,
				72B114D8236FC6E1000F7EFD /* AppDelegate.swift in Sources */,
				72EB6B2623773AF100911F02 /* FMResultSet.m in Sources */,
				72EB6B2323773AF100911F02 /* FMDatabase.m in Sources */,
				72EB6B2523773AF100911F02 /* FMDatabaseAdditions.m in Sources */,
			);
			runOnlyForDeploymentPostprocessing = 0;
		};
/* End PBXSourcesBuildPhase section */

/* Begin PBXVariantGroup section */
		72B114DB236FC6E1000F7EFD /* Main.storyboard */ = {
			isa = PBXVariantGroup;
			children = (
				72B114DC236FC6E1000F7EFD /* Base */,
			);
			name = Main.storyboard;
			sourceTree = "<group>";
		};
		72B114E0236FC6E3000F7EFD /* LaunchScreen.storyboard */ = {
			isa = PBXVariantGroup;
			children = (
				72B114E1236FC6E3000F7EFD /* Base */,
			);
			name = LaunchScreen.storyboard;
			sourceTree = "<group>";
		};
/* End PBXVariantGroup section */

/* Begin XCBuildConfiguration section */
		72B114E4236FC6E3000F7EFD /* Debug */ = {
			isa = XCBuildConfiguration;
			buildSettings = {
				ALWAYS_SEARCH_USER_PATHS = NO;
				CLANG_ANALYZER_NONNULL = YES;
				CLANG_ANALYZER_NUMBER_OBJECT_CONVERSION = YES_AGGRESSIVE;
				CLANG_CXX_LANGUAGE_STANDARD = "gnu++14";
				CLANG_CXX_LIBRARY = "libc++";
				CLANG_ENABLE_MODULES = YES;
				CLANG_ENABLE_OBJC_ARC = YES;
				CLANG_ENABLE_OBJC_WEAK = YES;
				CLANG_WARN_BLOCK_CAPTURE_AUTORELEASING = YES;
				CLANG_WARN_BOOL_CONVERSION = YES;
				CLANG_WARN_COMMA = YES;
				CLANG_WARN_CONSTANT_CONVERSION = YES;
				CLANG_WARN_DEPRECATED_OBJC_IMPLEMENTATIONS = YES;
				CLANG_WARN_DIRECT_OBJC_ISA_USAGE = YES_ERROR;
				CLANG_WARN_DOCUMENTATION_COMMENTS = YES;
				CLANG_WARN_EMPTY_BODY = YES;
				CLANG_WARN_ENUM_CONVERSION = YES;
				CLANG_WARN_INFINITE_RECURSION = YES;
				CLANG_WARN_INT_CONVERSION = YES;
				CLANG_WARN_NON_LITERAL_NULL_CONVERSION = YES;
				CLANG_WARN_OBJC_IMPLICIT_RETAIN_SELF = YES;
				CLANG_WARN_OBJC_LITERAL_CONVERSION = YES;
				CLANG_WARN_OBJC_ROOT_CLASS = YES_ERROR;
				CLANG_WARN_RANGE_LOOP_ANALYSIS = YES;
				CLANG_WARN_STRICT_PROTOTYPES = YES;
				CLANG_WARN_SUSPICIOUS_MOVE = YES;
				CLANG_WARN_UNGUARDED_AVAILABILITY = YES_AGGRESSIVE;
				CLANG_WARN_UNREACHABLE_CODE = YES;
				CLANG_WARN__DUPLICATE_METHOD_MATCH = YES;
				CODE_SIGN_IDENTITY = "iPhone Developer";
				COPY_PHASE_STRIP = NO;
				DEBUG_INFORMATION_FORMAT = dwarf;
				ENABLE_STRICT_OBJC_MSGSEND = YES;
				ENABLE_TESTABILITY = YES;
				GCC_C_LANGUAGE_STANDARD = gnu11;
				GCC_DYNAMIC_NO_PIC = NO;
				GCC_NO_COMMON_BLOCKS = YES;
				GCC_OPTIMIZATION_LEVEL = 0;
				GCC_PREPROCESSOR_DEFINITIONS = (
					"DEBUG=1",
					"$(inherited)",
				);
				GCC_WARN_64_TO_32_BIT_CONVERSION = YES;
				GCC_WARN_ABOUT_RETURN_TYPE = YES_ERROR;
				GCC_WARN_UNDECLARED_SELECTOR = YES;
				GCC_WARN_UNINITIALIZED_AUTOS = YES_AGGRESSIVE;
				GCC_WARN_UNUSED_FUNCTION = YES;
				GCC_WARN_UNUSED_VARIABLE = YES;
				IPHONEOS_DEPLOYMENT_TARGET = 12.2;
				MTL_ENABLE_DEBUG_INFO = INCLUDE_SOURCE;
				MTL_FAST_MATH = YES;
				ONLY_ACTIVE_ARCH = YES;
				SDKROOT = iphoneos;
				SWIFT_ACTIVE_COMPILATION_CONDITIONS = DEBUG;
				SWIFT_OPTIMIZATION_LEVEL = "-Onone";
			};
			name = Debug;
		};
		72B114E5236FC6E3000F7EFD /* Release */ = {
			isa = XCBuildConfiguration;
			buildSettings = {
				ALWAYS_SEARCH_USER_PATHS = NO;
				CLANG_ANALYZER_NONNULL = YES;
				CLANG_ANALYZER_NUMBER_OBJECT_CONVERSION = YES_AGGRESSIVE;
				CLANG_CXX_LANGUAGE_STANDARD = "gnu++14";
				CLANG_CXX_LIBRARY = "libc++";
				CLANG_ENABLE_MODULES = YES;
				CLANG_ENABLE_OBJC_ARC = YES;
				CLANG_ENABLE_OBJC_WEAK = YES;
				CLANG_WARN_BLOCK_CAPTURE_AUTORELEASING = YES;
				CLANG_WARN_BOOL_CONVERSION = YES;
				CLANG_WARN_COMMA = YES;
				CLANG_WARN_CONSTANT_CONVERSION = YES;
				CLANG_WARN_DEPRECATED_OBJC_IMPLEMENTATIONS = YES;
				CLANG_WARN_DIRECT_OBJC_ISA_USAGE = YES_ERROR;
				CLANG_WARN_DOCUMENTATION_COMMENTS = YES;
				CLANG_WARN_EMPTY_BODY = YES;
				CLANG_WARN_ENUM_CONVERSION = YES;
				CLANG_WARN_INFINITE_RECURSION = YES;
				CLANG_WARN_INT_CONVERSION = YES;
				CLANG_WARN_NON_LITERAL_NULL_CONVERSION = YES;
				CLANG_WARN_OBJC_IMPLICIT_RETAIN_SELF = YES;
				CLANG_WARN_OBJC_LITERAL_CONVERSION = YES;
				CLANG_WARN_OBJC_ROOT_CLASS = YES_ERROR;
				CLANG_WARN_RANGE_LOOP_ANALYSIS = YES;
				CLANG_WARN_STRICT_PROTOTYPES = YES;
				CLANG_WARN_SUSPICIOUS_MOVE = YES;
				CLANG_WARN_UNGUARDED_AVAILABILITY = YES_AGGRESSIVE;
				CLANG_WARN_UNREACHABLE_CODE = YES;
				CLANG_WARN__DUPLICATE_METHOD_MATCH = YES;
				CODE_SIGN_IDENTITY = "iPhone Developer";
				COPY_PHASE_STRIP = NO;
				DEBUG_INFORMATION_FORMAT = "dwarf-with-dsym";
				ENABLE_NS_ASSERTIONS = NO;
				ENABLE_STRICT_OBJC_MSGSEND = YES;
				GCC_C_LANGUAGE_STANDARD = gnu11;
				GCC_NO_COMMON_BLOCKS = YES;
				GCC_WARN_64_TO_32_BIT_CONVERSION = YES;
				GCC_WARN_ABOUT_RETURN_TYPE = YES_ERROR;
				GCC_WARN_UNDECLARED_SELECTOR = YES;
				GCC_WARN_UNINITIALIZED_AUTOS = YES_AGGRESSIVE;
				GCC_WARN_UNUSED_FUNCTION = YES;
				GCC_WARN_UNUSED_VARIABLE = YES;
				IPHONEOS_DEPLOYMENT_TARGET = 12.2;
				MTL_ENABLE_DEBUG_INFO = NO;
				MTL_FAST_MATH = YES;
				SDKROOT = iphoneos;
				SWIFT_COMPILATION_MODE = wholemodule;
				SWIFT_OPTIMIZATION_LEVEL = "-O";
				VALIDATE_PRODUCT = YES;
			};
			name = Release;
		};
		72B114E7236FC6E3000F7EFD /* Debug */ = {
			isa = XCBuildConfiguration;
			buildSettings = {
				ASSETCATALOG_COMPILER_APPICON_NAME = AppIcon;
				CLANG_ENABLE_MODULES = YES;
				CODE_SIGN_STYLE = Automatic;
				INFOPLIST_FILE = Mappi/Info.plist;
				LD_RUNPATH_SEARCH_PATHS = (
					"$(inherited)",
					"@executable_path/Frameworks",
				);
				PRODUCT_BUNDLE_IDENTIFIER = cse438.Mappi;
				PRODUCT_NAME = "$(TARGET_NAME)";
				SWIFT_OBJC_BRIDGING_HEADER = "Mappi-Bridging-Header.h";
				SWIFT_OPTIMIZATION_LEVEL = "-Onone";
				SWIFT_VERSION = 5.0;
				TARGETED_DEVICE_FAMILY = "1,2";
			};
			name = Debug;
		};
		72B114E8236FC6E3000F7EFD /* Release */ = {
			isa = XCBuildConfiguration;
			buildSettings = {
				ASSETCATALOG_COMPILER_APPICON_NAME = AppIcon;
				CLANG_ENABLE_MODULES = YES;
				CODE_SIGN_STYLE = Automatic;
				INFOPLIST_FILE = Mappi/Info.plist;
				LD_RUNPATH_SEARCH_PATHS = (
					"$(inherited)",
					"@executable_path/Frameworks",
				);
				PRODUCT_BUNDLE_IDENTIFIER = cse438.Mappi;
				PRODUCT_NAME = "$(TARGET_NAME)";
				SWIFT_OBJC_BRIDGING_HEADER = "Mappi-Bridging-Header.h";
				SWIFT_VERSION = 5.0;
				TARGETED_DEVICE_FAMILY = "1,2";
			};
			name = Release;
		};
/* End XCBuildConfiguration section */

/* Begin XCConfigurationList section */
		72B114CF236FC6E1000F7EFD /* Build configuration list for PBXProject "Mappi" */ = {
			isa = XCConfigurationList;
			buildConfigurations = (
				72B114E4236FC6E3000F7EFD /* Debug */,
				72B114E5236FC6E3000F7EFD /* Release */,
			);
			defaultConfigurationIsVisible = 0;
			defaultConfigurationName = Release;
		};
		72B114E6236FC6E3000F7EFD /* Build configuration list for PBXNativeTarget "Mappi" */ = {
			isa = XCConfigurationList;
			buildConfigurations = (
				72B114E7236FC6E3000F7EFD /* Debug */,
				72B114E8236FC6E3000F7EFD /* Release */,
			);
			defaultConfigurationIsVisible = 0;
			defaultConfigurationName = Release;
		};
/* End XCConfigurationList section */
	};
	rootObject = 72B114CC236FC6E1000F7EFD /* Project object */;
}
